version = 1
revision = 3
requires-python = "==3.14.*"

[[package]]
name = "capstone"
version = "5.0.9"
source = { registry = "https://pypi.org/simple" }
sdist = { url = "https://files.pythonhosted.org/packages/39/01/6516910f546fbb996068207b9dd0229b14bc8dae223114d5e0e27d3cad11/capstone-5.0.9.tar.gz", hash = "sha256:0429af292ddc604d3c9344696807e281d5e728db029f00e6a4ea9e3bff1aac9e", size = 2947300, upload-time = "2026-05-28T16:05:57.968Z" }
wheels = [
    { url = "https://files.pythonhosted.org/packages/da/f3/43f4dbfc36c7740d512621a9d42b276ac21bb6ca7cb974d4c8a19060d387/capstone-5.0.9-py3-none-macosx_10_9_universal2.whl", hash = "sha256:58a874d9a6cb15122135b1385a782e5b54c8a4d9396161b6498465046d2e0442", size = 2195391, upload-time = "2026-05-28T16:05:45.515Z" },
    { url = "https://files.pythonhosted.org/packages/70/74/d00de02c62ce864c6b43796c524516ea064e3e6fc1327d452f78270e8323/capstone-5.0.9-py3-none-macosx_10_9_x86_64.whl", hash = "sha256:8c4a1d7134d7d5290e5d77066500385f2c7a4bf66835ccbfde5180042d508b3c", size = 1190392, upload-time = "2026-05-28T16:05:46.953Z" },
    { url = "https://files.pythonhosted.org/packages/42/9a/4eecfbc94961cda70301fd13de69042be1943bee456e37bc1369840601b1/capstone-5.0.9-py3-none-macosx_11_0_arm64.whl", hash = "sha256:fc269c5082e17d7f9f265cd6980e2fdc6ab572df913951d76db0357e06b8001d", size = 1202361, upload-time = "2026-05-28T16:05:48.1Z" },
    { url = "https://files.pythonhosted.org/packages/45/d9/dbeadb9fcd461e608ce79b1cb647fed6baa812fa6e1c68b0ba5ef81291af/capstone-5.0.9-py3-none-manylinux_2_17_aarch64.manylinux2014_aarch64.whl", hash = "sha256:41772ad0c71aa5d3e97d541e802593c2e71fb94ac7e20d4202f97ce2a3eb8ed5", size = 1461016, upload-time = "2026-05-28T16:05:49.554Z" },
    { url = "https://files.pythonhosted.org/packages/d1/39/17747862222bb062e86b501f1f148d5ff589b77908b080d30f7f085cbfb7/capstone-5.0.9-py3-none-manylinux_2_17_x86_64.manylinux2014_x86_64.whl", hash = "sha256:273fd8d747d2e35c88f91450be51a603ecfaafb00d96d9f315dcb8689c86193e", size = 1485316, upload-time = "2026-05-28T16:05:50.721Z" },
    { url = "https://files.pythonhosted.org/packages/12/56/9a694f60f5b26612039d975c1c84d2ad8fd0ad839b0b1058dbe68dd32b0b/capstone-5.0.9-py3-none-manylinux_2_5_i686.manylinux1_i686.manylinux_2_17_i686.manylinux2014_i686.whl", hash = "sha256:1f5871b57e987d5bf23b531fbe868211b74ad750fa9b830a3d3cdc4956bc0ae3", size = 1483221, upload-time = "2026-05-28T16:05:51.925Z" },
    { url = "https://files.pythonhosted.org/packages/b9/74/c178ac241892bb3668b633065bdbe6dc719c2aa54668d68a8e23a6753525/capstone-5.0.9-py3-none-musllinux_1_2_aarch64.whl", hash = "sha256:69064219c814ad64af35469a7c4ddd19b730cacb96a1a796435ccde0e1567d05", size = 1459140, upload-time = "2026-05-28T16:05:53.182Z" },
    { url = "https://files.pythonhosted.org/packages/7b/f3/3865a0371603994f8bf521595b3072080bfe1b715f8bd080988d026dd2a1/capstone-5.0.9-py3-none-musllinux_1_2_i686.whl", hash = "sha256:0cc3b1ec319ab0530efc6b181491b77dd3373c81b6dbcf2f05a80e3d8dd61d5e", size = 1488205, upload-time = "2026-05-28T16:05:54.31Z" },
    { url = "https://files.pythonhosted.org/packages/09/a1/39a575aa27a35b43b0ad93065a1803dba39038060eccfb29031d82e3fb2c/capstone-5.0.9-py3-none-musllinux_1_2_x86_64.whl", hash = "sha256:cfec34e6e01472fe60850c87c5bea9918c274fa2a605b510e6489bf87c0c9960", size = 1488865, upload-time = "2026-05-28T16:05:55.603Z" },
    { url = "https://files.pythonhosted.org/packages/50/e6/6f06fdb6a9ed32b2f7cd9c036b92d5324112c3ef7080f2c71efc367d40dd/capstone-5.0.9-py3-none-win_amd64.whl", hash = "sha256:732cedbbb56d42e723f14d7af6387f1454194a820b4b96b56d1e53f865ef85d0", size = 1273459, upload-time = "2026-05-28T16:05:56.73Z" },
]

[[package]]
name = "hammerfest-autosplitter-tools"
version = "0.1.0"
source = { virtual = "." }

[package.dev-dependencies]
analysis = [
    { name = "capstone" },
    { name = "numpy" },
    { name = "pefile" },
]

[package.metadata]

[package.metadata.requires-dev]
analysis = [
    { name = "capstone", specifier = ">=5.0.9" },
    { name = "numpy", specifier = ">=2" },
    { name = "pefile", specifier = ">=2024.8.26" },
]

[[package]]
name = "numpy"
version = "2.5.3"
source = { registry = "https://pypi.org/simple" }
sdist = { url = "https://files.pythonhosted.org/packages/13/01/11703282db468b85f6f7b8c7f22d058de5970d5c7e60a3a8aaa313c3de36/numpy-2.5.3.tar.gz", hash = "sha256:df2d5874ff183595a4ba404edd04f6bd9b5505c1d7708573f6a6c17489a67563", size = 20791231, upload-time = "2026-09-06T16:27:47.073Z" }
wheels = [
    { url = "https://files.pythonhosted.org/packages/70/78/cf416f15dc29375a229d9dfebf8db6e313f291580b39fa1a568b6052bb07/numpy-2.5.3-cp314-cp314-macosx_10_15_x86_64.whl", hash = "sha256:350ba9783ce969cf9f7ce6e6a9a58e1a6e2a19ca025b7ee448c4db727706212a", size = 16998686, upload-time = "2026-09-06T16:25:33.171Z" },
    { url = "https://files.pythonhosted.org/packages/9e/59/abcc2d8def4fd60eec7d87f92d27c13448ffd9ab14339bcc63a0d7a2fdea/numpy-2.5.3-cp314-cp314-macosx_11_0_arm64.whl", hash = "sha256:012e66aca395d795496446e52aeeb5866312a5d4d3f27da270e5a0b43f70dc5c", size = 12013862, upload-time = "2026-09-06T16:25:36.748Z" },
    { url = "https://files.pythonhosted.org/packages/94/75/4640d2d6e4b64a049e48425a82728a41ef4adb61332d2cba68055774878b/numpy-2.5.3-cp314-cp314-macosx_14_0_arm64.whl", hash = "sha256:adc1ada2662f8a5f960b8a10d9986897e7499ef07e06d4cfe7197f8cce923c07", size = 5449793, upload-time = "2026-09-06T16:25:39.476Z" },
    { url = "https://files.pythonhosted.org/packages/96/cd/625b57ae33d4ca560f32cc0b47b4a5922146d9beb998ddf773900d440a73/numpy-2.5.3-cp314-cp314-macosx_14_0_x86_64.whl", hash = "sha256:54a115e5a73b8fc44f0cebef486365a1894b5c9760685d4558b72b7c3eb846e0", size = 6785176, upload-time = "2026-09-06T16:25:42.069Z" },
    { url = "https://files.pythonhosted.org/packages/9c/72/12918652e7912ef9751e8694c88820fcd1908e0618cb23f5f3caa6004b7b/numpy-2.5.3-cp314-cp314-manylinux_2_27_aarch64.manylinux_2_28_aarch64.whl", hash = "sha256:be5a8381859b6da607c84f4f7d6847725f1cf1853ef8a2c9e115b7d58bef47dc", size = 15703377, upload-time = "2026-09-06T16:25:45.135Z" },
    { url = "https://files.pythonhosted.org/packages/45/8f/9beacf79ca7c650688ad0baa80931adb988fe6e6e5d5903c23cc3dbd70eb/numpy-2.5.3-cp314-cp314-manylinux_2_27_x86_64.manylinux_2_28_x86_64.whl", hash = "sha256:b0521d0f4aebb6e06189451025fa17a913287b13c03d5fe05c017333b654ea5b", size = 16711928, upload-time = "2026-09-06T16:25:48.461Z" },
    { url = "https://files.pythonhosted.org/packages/09/8d/41d0a56e1ac4c87495c897a211b1368691b7237aadabec8b3b8f3a74d48f/numpy-2.5.3-cp314-cp314-musllinux_1_2_aarch64.whl", hash = "sha256:9deb49575e5b0b94ed72c8a64ec4d033381adc27e9060ae842971f697ba96104", size = 17059507, upload-time = "2026-09-06T16:25:51.873Z" },
    { url = "https://files.pythonhosted.org/packages/08/1e/0dfbc5cc251d54e2af790f254d24ec38637fa97ec7d5d11de7ffed787098/numpy-2.5.3-cp314-cp314-musllinux_1_2_x86_64.whl", hash = "sha256:b00eefbcf0f292945c4b4dec2ae845389ef5bcdcd596e6e4328051db5b5ba694", size = 18471002, upload-time = "2026-09-06T16:25:55.233Z" },
    { url = "https://files.pythonhosted.org/packages/b5/2c/dfa40f6991f8185c8c30ffd023dfcbb11888e823cfab9557b920f3bb7bed/numpy-2.5.3-cp314-cp314-win32.whl", hash = "sha256:c2381f82999704f818e2c987a865050e285ec3621262c66d40f5a96c8f899f8e", size = 6180485, upload-time = "2026-09-06T16:25:58.157Z" },
    { url = "https://files.pythonhosted.org/packages/a4/73/d2c08231e4fde7e415501fd02c715d96e98599b2d8384445933944152984/numpy-2.5.3-cp314-cp314-win_amd64.whl", hash = "sha256:2c25dfa72943e4336ddb6b0ee4277b47a0c85bede0807530ec68103bf58e2c10", size = 12698179, upload-time = "2026-09-06T16:26:00.789Z" },
    { url = "https://files.pythonhosted.org/packages/5c/e9/dcdcc9b95cf5f49815055573aee1b11cfbf5299f38a180e437ded050810f/numpy-2.5.3-cp314-cp314-win_arm64.whl", hash = "sha256:15aa985ac73a8db02db7663381aa109510449d3819d37206caed27b33a65a8a6", size = 10769383, upload-time = "2026-09-06T16:26:04.011Z" },
    { url = "https://files.pythonhosted.org/packages/49/c4/af8bc08a7ef4e1529a7c0cf24969accce316b783999802089a581ec99272/numpy-2.5.3-cp314-cp314t-macosx_11_0_arm64.whl", hash = "sha256:ac7bb1c52d445bd4f8f7f97fefe6abc3a084dc4d63df50d79b17fa2b78e89297", size = 12132668, upload-time = "2026-09-06T16:26:07.138Z" },
    { url = "https://files.pythonhosted.org/packages/c5/ae/0f15eb56d4ec5e13c1f7ff04ff407f997d1acbadb45d3e1f2e2645a8f43c/numpy-2.5.3-cp314-cp314t-macosx_14_0_arm64.whl", hash = "sha256:e6ab667ba76450084eb64013762c438ea76d9d29cc676dcd6c2e9892ba37f841", size = 5568580, upload-time = "2026-09-06T16:26:09.828Z" },
    { url = "https://files.pythonhosted.org/packages/23/fb/c72a8f25d4b6e96c354e7ab45ace3b27dc11e5d6a13b6c7d0cd6b08bf112/numpy-2.5.3-cp314-cp314t-macosx_14_0_x86_64.whl", hash = "sha256:f7fabeb6cea87d65f3b926de33d03fb016cfdc29314c90974383b5582ae72891", size = 6882634, upload-time = "2026-09-06T16:26:12.524Z" },
    { url = "https://files.pythonhosted.org/packages/07/a9/968c90ed2ab15060c338e8137f1215b5a60756ae07328e0a60d1c6734df4/numpy-2.5.3-cp314-cp314t-manylinux_2_27_aarch64.manylinux_2_28_aarch64.whl", hash = "sha256:1fb6f8fb9ff0b3a69f52c66ce397b0246583e9f28616231b0e32ca49259a5fa6", size = 15748923, upload-time = "2026-09-06T16:26:15.092Z" },
    { url = "https://files.pythonhosted.org/packages/59/08/9df04103947b95e3b6b1f2ed1a70521f325647a31b82da6a2aae3a485508/numpy-2.5.3-cp314-cp314t-manylinux_2_27_x86_64.manylinux_2_28_x86_64.whl", hash = "sha256:93e1f5447e2b1e479d7bd74701e84746b86450cff1fc368b132d195e2b8f8211", size = 16746748, upload-time = "2026-09-06T16:26:18.43Z" },
    { url = "https://files.pythonhosted.org/packages/41/a0/14c8d5fe5b53a334aabb653deb391c0fef49558f491880ea300ed6785224/numpy-2.5.3-cp314-cp314t-musllinux_1_2_aarch64.whl", hash = "sha256:c00abe94c1a69d75d827dcf1c025b25c8a45d230b3bcd77a9020883a1b047653", size = 17111561, upload-time = "2026-09-06T16:26:22.113Z" },
    { url = "https://files.pythonhosted.org/packages/c4/a6/d7e96e42f01522e154c32489640f16dfc4f6181d165d05fc3bec8c2c4999/numpy-2.5.3-cp314-cp314t-musllinux_1_2_x86_64.whl", hash = "sha256:536f963710a4e63934d80ac0dc4f478804a83e9a84b6828018f25d09953ada33", size = 18513945, upload-time = "2026-09-06T16:26:25.401Z" },
    { url = "https://files.pythonhosted.org/packages/25/39/3453afb7119d0449ef11c886874120ff180e2c337760e0e2d88f70f1a945/numpy-2.5.3-cp314-cp314t-win32.whl", hash = "sha256:4c8a6d2ebce6305fd82fbefca827775437147052a976ee7c94b36a0c1b52ac6c", size = 6335421, upload-time = "2026-09-06T16:26:28.175Z" },
    { url = "https://files.pythonhosted.org/packages/99/01/22815d2b19a1a746b1d45205cffebb3fe511a18acb75fba6c88491fc9894/numpy-2.5.3-cp314-cp314t-win_amd64.whl", hash = "sha256:9a37475425b431b4d060f23b4f52cd2f3aef6bc7c654bd760adf0040eec9d435", size = 12896420, upload-time = "2026-09-06T16:26:31.265Z" },
    { url = "https://files.pythonhosted.org/packages/fa/ee/a7cbba67eeaff038dc29ca8b98a88396c8b0cc9c89d4924f4a27a5c9150b/numpy-2.5.3-cp314-cp314t-win_arm64.whl", hash = "sha256:2d8240cb4c16fd831074aa2b2cf9fc54664d826341d61c372245b96a74a49a9a", size = 10857177, upload-time = "2026-09-06T16:26:34.167Z" },
]

[[package]]
name = "pefile"
version = "2024.8.26"
source = { registry = "https://pypi.org/simple" }
sdist = { url = "https://files.pythonhosted.org/packages/03/4f/2750f7f6f025a1507cd3b7218691671eecfd0bbebebe8b39aa0fe1d360b8/pefile-2024.8.26.tar.gz", hash = "sha256:3ff6c5d8b43e8c37bb6e6dd5085658d658a7a0bdcd20b6a07b1fcfc1c4e9d632", size = 76008, upload-time = "2024-08-26T20:58:38.155Z" }
wheels = [
    { url = "https://files.pythonhosted.org/packages/54/16/12b82f791c7f50ddec566873d5bdd245baa1491bac11d15ffb98aecc8f8b/pefile-2024.8.26-py3-none-any.whl", hash = "sha256:76f8b485dcd3b1bb8166f1128d395fa3d87af26360c2358fb75b80019b957c6f", size = 74766, upload-time = "2024-08-26T21:01:02.632Z" },
]
